
Microsoft Visual Studio Solution File, Format Version 12.00
# Visual Studio Version 16
VisualStudioVersion = 16.0.30002.166
MinimumVisualStudioVersion = 10.0.40219.1
Project("{8BC9CEB8-8B4A-11D0-8D11-00A0C91BC942}") = "1_Sort", "1_Sort\1_Sort.vcxproj", "{B40BF2D8-EEE4-4CF4-9529-3C05C9FD4B49}"
EndProject
Project("{8BC9CEB8-8B4A-11D0-8D11-00A0C91BC942}") = "4_DivideAndConquer", "4_DivideAndConquer\4_DivideAndConquer.vcxproj", "{980354EB-8FDA-4E9F-84B9-9420F73991AE}"
EndProject
Project("{8BC9CEB8-8B4A-11D0-8D11-00A0C91BC942}") = "5_ProbabilisticAnalysisAndStochasticAlgorithms", "5_ProbabilisticAnalysisAndStochasticAlgorithms\5_ProbabilisticAnalysisAndStochasticAlgorithms.vcxproj", "{520A090B-C166-4E37-BC53-461E6AE964F0}"
EndProject
Project("{8BC9CEB8-8B4A-11D0-8D11-00A0C91BC942}") = "6_HeapSort", "6_HeapSort\6_HeapSort.vcxproj", "{75F37B87-EEEA-48E1-8A7F-6DBAF046AB3E}"
EndProject
Project("{8BC9CEB8-8B4A-11D0-8D11-00A0C91BC942}") = "7_QuickSort", "7_QuickSort\7_QuickSort.vcxproj", "{40DDE79F-E4B7-4B0E-B7F2-D963A44196DF}"
EndProject
Project("{8BC9CEB8-8B4A-11D0-8D11-00A0C91BC942}") = "8_LinearTemporalOrdering", "8_LinearTemporalOrdering\8_LinearTemporalOrdering.vcxproj", "{83376780-497C-4182-B789-73514C9EADAC}"
EndProject
Project("{8BC9CEB8-8B4A-11D0-8D11-00A0C91BC942}") = "9_MedianAndOrderStatistics", "9_MedianAndOrderStatistics\9_MedianAndOrderStatistics.vcxproj", "{91AB6A3C-A4DD-4021-97A9-671B881D0541}"
EndProject
Project("{8BC9CEB8-8B4A-11D0-8D11-00A0C91BC942}") = "11_HashTable", "11_HashTable\11_HashTable.vcxproj", "{A42FC797-82B3-4E29-A8F8-A3FE04CC23B7}"
EndProject
Project("{8BC9CEB8-8B4A-11D0-8D11-00A0C91BC942}") = "12_BinarySearchTree", "12_BinarySearchTree\12_BinarySearchTree.vcxproj", "{88613EFA-9701-41A9-854E-6645ACA6BCB4}"
EndProject
Project("{8BC9CEB8-8B4A-11D0-8D11-00A0C91BC942}") = "13_RedBlackTree", "13_RedBlackTree\13_RedBlackTree.vcxproj", "{8D8A4F95-D51D-4034-ADA2-6E463F9DB3C4}"
EndProject
Project("{8BC9CEB8-8B4A-11D0-8D11-00A0C91BC942}") = "14_DataStructureExtension", "14_DataStructureExtension\14_DataStructureExtension.vcxproj", "{D48CCBEF-1CE3-4696-81C0-9450501320B1}"
EndProject
Project("{8BC9CEB8-8B4A-11D0-8D11-00A0C91BC942}") = "15_DynamicPlanning", "15_DynamicPlanning\15_DynamicPlanning.vcxproj", "{473BA615-39E2-42F5-844F-739FD9D079A2}"
EndProject
Global
	GlobalSection(SolutionConfigurationPlatforms) = preSolution
		Debug|x64 = Debug|x64
		Debug|x86 = Debug|x86
		Release|x64 = Release|x64
		Release|x86 = Release|x86
	EndGlobalSection
	GlobalSection(ProjectConfigurationPlatforms) = postSolution
		{B40BF2D8-EEE4-4CF4-9529-3C05C9FD4B49}.Debug|x64.ActiveCfg = Debug|x64
		{B40BF2D8-EEE4-4CF4-9529-3C05C9FD4B49}.Debug|x64.Build.0 = Debug|x64
		{B40BF2D8-EEE4-4CF4-9529-3C05C9FD4B49}.Debug|x86.ActiveCfg = Debug|Win32
		{B40BF2D8-EEE4-4CF4-9529-3C05C9FD4B49}.Debug|x86.Build.0 = Debug|Win32
		{B40BF2D8-EEE4-4CF4-9529-3C05C9FD4B49}.Release|x64.ActiveCfg = Release|x64
		{B40BF2D8-EEE4-4CF4-9529-3C05C9FD4B49}.Release|x64.Build.0 = Release|x64
		{B40BF2D8-EEE4-4CF4-9529-3C05C9FD4B49}.Release|x86.ActiveCfg = Release|Win32
		{B40BF2D8-EEE4-4CF4-9529-3C05C9FD4B49}.Release|x86.Build.0 = Release|Win32
		{980354EB-8FDA-4E9F-84B9-9420F73991AE}.Debug|x64.ActiveCfg = Debug|x64
		{980354EB-8FDA-4E9F-84B9-9420F73991AE}.Debug|x64.Build.0 = Debug|x64
		{980354EB-8FDA-4E9F-84B9-9420F73991AE}.Debug|x86.ActiveCfg = Debug|Win32
		{980354EB-8FDA-4E9F-84B9-9420F73991AE}.Debug|x86.Build.0 = Debug|Win32
		{980354EB-8FDA-4E9F-84B9-9420F73991AE}.Release|x64.ActiveCfg = Release|x64
		{980354EB-8FDA-4E9F-84B9-9420F73991AE}.Release|x64.Build.0 = Release|x64
		{980354EB-8FDA-4E9F-84B9-9420F73991AE}.Release|x86.ActiveCfg = Release|Win32
		{980354EB-8FDA-4E9F-84B9-9420F73991AE}.Release|x86.Build.0 = Release|Win32
		{520A090B-C166-4E37-BC53-461E6AE964F0}.Debug|x64.ActiveCfg = Debug|x64
		{520A090B-C166-4E37-BC53-461E6AE964F0}.Debug|x64.Build.0 = Debug|x64
		{520A090B-C166-4E37-BC53-461E6AE964F0}.Debug|x86.ActiveCfg = Debug|Win32
		{520A090B-C166-4E37-BC53-461E6AE964F0}.Debug|x86.Build.0 = Debug|Win32
		{520A090B-C166-4E37-BC53-461E6AE964F0}.Release|x64.ActiveCfg = Release|x64
		{520A090B-C166-4E37-BC53-461E6AE964F0}.Release|x64.Build.0 = Release|x64
		{520A090B-C166-4E37-BC53-461E6AE964F0}.Release|x86.ActiveCfg = Release|Win32
		{520A090B-C166-4E37-BC53-461E6AE964F0}.Release|x86.Build.0 = Release|Win32
		{75F37B87-EEEA-48E1-8A7F-6DBAF046AB3E}.Debug|x64.ActiveCfg = Debug|x64
		{75F37B87-EEEA-48E1-8A7F-6DBAF046AB3E}.Debug|x64.Build.0 = Debug|x64
		{75F37B87-EEEA-48E1-8A7F-6DBAF046AB3E}.Debug|x86.ActiveCfg = Debug|Win32
		{75F37B87-EEEA-48E1-8A7F-6DBAF046AB3E}.Debug|x86.Build.0 = Debug|Win32
		{75F37B87-EEEA-48E1-8A7F-6DBAF046AB3E}.Release|x64.ActiveCfg = Release|x64
		{75F37B87-EEEA-48E1-8A7F-6DBAF046AB3E}.Release|x64.Build.0 = Release|x64
		{75F37B87-EEEA-48E1-8A7F-6DBAF046AB3E}.Release|x86.ActiveCfg = Release|Win32
		{75F37B87-EEEA-48E1-8A7F-6DBAF046AB3E}.Release|x86.Build.0 = Release|Win32
		{40DDE79F-E4B7-4B0E-B7F2-D963A44196DF}.Debug|x64.ActiveCfg = Debug|x64
		{40DDE79F-E4B7-4B0E-B7F2-D963A44196DF}.Debug|x64.Build.0 = Debug|x64
		{40DDE79F-E4B7-4B0E-B7F2-D963A44196DF}.Debug|x86.ActiveCfg = Debug|Win32
		{40DDE79F-E4B7-4B0E-B7F2-D963A44196DF}.Debug|x86.Build.0 = Debug|Win32
		{40DDE79F-E4B7-4B0E-B7F2-D963A44196DF}.Release|x64.ActiveCfg = Release|x64
		{40DDE79F-E4B7-4B0E-B7F2-D963A44196DF}.Release|x64.Build.0 = Release|x64
		{40DDE79F-E4B7-4B0E-B7F2-D963A44196DF}.Release|x86.ActiveCfg = Release|Win32
		{40DDE79F-E4B7-4B0E-B7F2-D963A44196DF}.Release|x86.Build.0 = Release|Win32
		{83376780-497C-4182-B789-73514C9EADAC}.Debug|x64.ActiveCfg = Debug|x64
		{83376780-497C-4182-B789-73514C9EADAC}.Debug|x64.Build.0 = Debug|x64
		{83376780-497C-4182-B789-73514C9EADAC}.Debug|x86.ActiveCfg = Debug|Win32
		{83376780-497C-4182-B789-73514C9EADAC}.Debug|x86.Build.0 = Debug|Win32
		{83376780-497C-4182-B789-73514C9EADAC}.Release|x64.ActiveCfg = Release|x64
		{83376780-497C-4182-B789-73514C9EADAC}.Release|x64.Build.0 = Release|x64
		{83376780-497C-4182-B789-73514C9EADAC}.Release|x86.ActiveCfg = Release|Win32
		{83376780-497C-4182-B789-73514C9EADAC}.Release|x86.Build.0 = Release|Win32
		{91AB6A3C-A4DD-4021-97A9-671B881D0541}.Debug|x64.ActiveCfg = Debug|x64
		{91AB6A3C-A4DD-4021-97A9-671B881D0541}.Debug|x64.Build.0 = Debug|x64
		{91AB6A3C-A4DD-4021-97A9-671B881D0541}.Debug|x86.ActiveCfg = Debug|Win32
		{91AB6A3C-A4DD-4021-97A9-671B881D0541}.Debug|x86.Build.0 = Debug|Win32
		{91AB6A3C-A4DD-4021-97A9-671B881D0541}.Release|x64.ActiveCfg = Release|x64
		{91AB6A3C-A4DD-4021-97A9-671B881D0541}.Release|x64.Build.0 = Release|x64
		{91AB6A3C-A4DD-4021-97A9-671B881D0541}.Release|x86.ActiveCfg = Release|Win32
		{91AB6A3C-A4DD-4021-97A9-671B881D0541}.Release|x86.Build.0 = Release|Win32
		{A42FC797-82B3-4E29-A8F8-A3FE04CC23B7}.Debug|x64.ActiveCfg = Debug|x64
		{A42FC797-82B3-4E29-A8F8-A3FE04CC23B7}.Debug|x64.Build.0 = Debug|x64
		{A42FC797-82B3-4E29-A8F8-A3FE04CC23B7}.Debug|x86.ActiveCfg = Debug|Win32
		{A42FC797-82B3-4E29-A8F8-A3FE04CC23B7}.Debug|x86.Build.0 = Debug|Win32
		{A42FC797-82B3-4E29-A8F8-A3FE04CC23B7}.Release|x64.ActiveCfg = Release|x64
		{A42FC797-82B3-4E29-A8F8-A3FE04CC23B7}.Release|x64.Build.0 = Release|x64
		{A42FC797-82B3-4E29-A8F8-A3FE04CC23B7}.Release|x86.ActiveCfg = Release|Win32
		{A42FC797-82B3-4E29-A8F8-A3FE04CC23B7}.Release|x86.Build.0 = Release|Win32
		{88613EFA-9701-41A9-854E-6645ACA6BCB4}.Debug|x64.ActiveCfg = Debug|x64
		{88613EFA-9701-41A9-854E-6645ACA6BCB4}.Debug|x64.Build.0 = Debug|x64
		{88613EFA-9701-41A9-854E-6645ACA6BCB4}.Debug|x86.ActiveCfg = Debug|Win32
		{88613EFA-9701-41A9-854E-6645ACA6BCB4}.Debug|x86.Build.0 = Debug|Win32
		{88613EFA-9701-41A9-854E-6645ACA6BCB4}.Release|x64.ActiveCfg = Release|x64
		{88613EFA-9701-41A9-854E-6645ACA6BCB4}.Release|x64.Build.0 = Release|x64
		{88613EFA-9701-41A9-854E-6645ACA6BCB4}.Release|x86.ActiveCfg = Release|Win32
		{88613EFA-9701-41A9-854E-6645ACA6BCB4}.Release|x86.Build.0 = Release|Win32
		{8D8A4F95-D51D-4034-ADA2-6E463F9DB3C4}.Debug|x64.ActiveCfg = Debug|x64
		{8D8A4F95-D51D-4034-ADA2-6E463F9DB3C4}.Debug|x64.Build.0 = Debug|x64
		{8D8A4F95-D51D-4034-ADA2-6E463F9DB3C4}.Debug|x86.ActiveCfg = Debug|Win32
		{8D8A4F95-D51D-4034-ADA2-6E463F9DB3C4}.Debug|x86.Build.0 = Debug|Win32
		{8D8A4F95-D51D-4034-ADA2-6E463F9DB3C4}.Release|x64.ActiveCfg = Release|x64
		{8D8A4F95-D51D-4034-ADA2-6E463F9DB3C4}.Release|x64.Build.0 = Release|x64
		{8D8A4F95-D51D-4034-ADA2-6E463F9DB3C4}.Release|x86.ActiveCfg = Release|Win32
		{8D8A4F95-D51D-4034-ADA2-6E463F9DB3C4}.Release|x86.Build.0 = Release|Win32
		{D48CCBEF-1CE3-4696-81C0-9450501320B1}.Debug|x64.ActiveCfg = Debug|x64
		{D48CCBEF-1CE3-4696-81C0-9450501320B1}.Debug|x64.Build.0 = Debug|x64
		{D48CCBEF-1CE3-4696-81C0-9450501320B1}.Debug|x86.ActiveCfg = Debug|Win32
		{D48CCBEF-1CE3-4696-81C0-9450501320B1}.Debug|x86.Build.0 = Debug|Win32
		{D48CCBEF-1CE3-4696-81C0-9450501320B1}.Release|x64.ActiveCfg = Release|x64
		{D48CCBEF-1CE3-4696-81C0-9450501320B1}.Release|x64.Build.0 = Release|x64
		{D48CCBEF-1CE3-4696-81C0-9450501320B1}.Release|x86.ActiveCfg = Release|Win32
		{D48CCBEF-1CE3-4696-81C0-9450501320B1}.Release|x86.Build.0 = Release|Win32
		{473BA615-39E2-42F5-844F-739FD9D079A2}.Debug|x64.ActiveCfg = Debug|x64
		{473BA615-39E2-42F5-844F-739FD9D079A2}.Debug|x64.Build.0 = Debug|x64
		{473BA615-39E2-42F5-844F-739FD9D079A2}.Debug|x86.ActiveCfg = Debug|Win32
		{473BA615-39E2-42F5-844F-739FD9D079A2}.Debug|x86.Build.0 = Debug|Win32
		{473BA615-39E2-42F5-844F-739FD9D079A2}.Release|x64.ActiveCfg = Release|x64
		{473BA615-39E2-42F5-844F-739FD9D079A2}.Release|x64.Build.0 = Release|x64
		{473BA615-39E2-42F5-844F-739FD9D079A2}.Release|x86.ActiveCfg = Release|Win32
		{473BA615-39E2-42F5-844F-739FD9D079A2}.Release|x86.Build.0 = Release|Win32
	EndGlobalSection
	GlobalSection(SolutionProperties) = preSolution
		HideSolutionNode = FALSE
	EndGlobalSection
	GlobalSection(ExtensibilityGlobals) = postSolution
		SolutionGuid = {FB8A2C2B-C6C7-4559-A7A1-87FA3FC4FDCE}
	EndGlobalSection
EndGlobal
